
Microsoft Visual Studio Solution File, Format Version 12.00
# Visual Studio 15
VisualStudioVersion = 15.0.27703.2000
MinimumVisualStudioVersion = 10.0.40219.1
Project("{FAE04EC0-301F-11D3-BF4B-00C04F79EFBC}") = "HelloWorldWeb", "HelloWorldWeb\HelloWorldWeb.csproj", "{BFAC3C2D-586B-4167-8114-4DA435F0132A}"
EndProject
Global
	GlobalSection(SolutionConfigurationPlatforms) = preSolution
		Debug|Any CPU = Debug|Any CPU
		Release|Any CPU = Release|Any CPU
	EndGlobalSection
	GlobalSection(ProjectConfigurationPlatforms) = postSolution
		{BFAC3C2D-586B-4167-8114-4DA435F0132A}.Debug|Any CPU.ActiveCfg = Debug|Any CPU
		{BFAC3C2D-586B-4167-8114-4DA435F0132A}.Debug|Any CPU.Build.0 = Debug|Any CPU
		{BFAC3C2D-586B-4167-8114-4DA435F0132A}.Release|Any CPU.ActiveCfg = Release|Any CPU
		{BFAC3C2D-586B-4167-8114-4DA435F0132A}.Release|Any CPU.Build.0 = Release|Any CPU
	EndGlobalSection
	GlobalSection(SolutionProperties) = preSolution
		HideSolutionNode = FALSE
	EndGlobalSection
	GlobalSection(ExtensibilityGlobals) = postSolution
		SolutionGuid = {1584C79A-21FA-4DBF-BE34-AFFFA7693C15}
	EndGlobalSection
EndGlobal
