
Microsoft Visual Studio Solution File, Format Version 12.00
# Visual Studio 15
VisualStudioVersion = 15.0.27703.2000
MinimumVisualStudioVersion = 10.0.40219.1
Project("{FAE04EC0-301F-11D3-BF4B-00C04F79EFBC}") = "HelloWorldRestApp", "HelloWorldRestApp\HelloWorldRestApp.csproj", "{A5D443E8-3F9A-4715-B6EE-98AEC722E1FC}"
EndProject
Global
	GlobalSection(SolutionConfigurationPlatforms) = preSolution
		Debug|Any CPU = Debug|Any CPU
		Release|Any CPU = Release|Any CPU
	EndGlobalSection
	GlobalSection(ProjectConfigurationPlatforms) = postSolution
		{A5D443E8-3F9A-4715-B6EE-98AEC722E1FC}.Debug|Any CPU.ActiveCfg = Debug|Any CPU
		{A5D443E8-3F9A-4715-B6EE-98AEC722E1FC}.Debug|Any CPU.Build.0 = Debug|Any CPU
		{A5D443E8-3F9A-4715-B6EE-98AEC722E1FC}.Release|Any CPU.ActiveCfg = Release|Any CPU
		{A5D443E8-3F9A-4715-B6EE-98AEC722E1FC}.Release|Any CPU.Build.0 = Release|Any CPU
	EndGlobalSection
	GlobalSection(SolutionProperties) = preSolution
		HideSolutionNode = FALSE
	EndGlobalSection
	GlobalSection(ExtensibilityGlobals) = postSolution
		SolutionGuid = {9FD3B110-501A-4732-996A-8D5F5E59696D}
	EndGlobalSection
EndGlobal
