
Microsoft Visual Studio Solution File, Format Version 12.00
# Visual Studio 15
VisualStudioVersion = 15.0.27703.2000
MinimumVisualStudioVersion = 10.0.40219.1
Project("{FAE04EC0-301F-11D3-BF4B-00C04F79EFBC}") = "Exercise01", "Exercise01\Exercise01.csproj", "{0140DBC3-6C2C-49CB-B3A4-39A022249D55}"
EndProject
Global
	GlobalSection(SolutionConfigurationPlatforms) = preSolution
		Debug|Any CPU = Debug|Any CPU
		Release|Any CPU = Release|Any CPU
	EndGlobalSection
	GlobalSection(ProjectConfigurationPlatforms) = postSolution
		{0140DBC3-6C2C-49CB-B3A4-39A022249D55}.Debug|Any CPU.ActiveCfg = Debug|Any CPU
		{0140DBC3-6C2C-49CB-B3A4-39A022249D55}.Debug|Any CPU.Build.0 = Debug|Any CPU
		{0140DBC3-6C2C-49CB-B3A4-39A022249D55}.Release|Any CPU.ActiveCfg = Release|Any CPU
		{0140DBC3-6C2C-49CB-B3A4-39A022249D55}.Release|Any CPU.Build.0 = Release|Any CPU
	EndGlobalSection
	GlobalSection(SolutionProperties) = preSolution
		HideSolutionNode = FALSE
	EndGlobalSection
	GlobalSection(ExtensibilityGlobals) = postSolution
		SolutionGuid = {C4E415E5-D52A-43FD-A2A2-C7936C0E9B1A}
	EndGlobalSection
EndGlobal
