
Microsoft Visual Studio Solution File, Format Version 12.00
# Visual Studio 15
VisualStudioVersion = 15.0.27703.2000
MinimumVisualStudioVersion = 10.0.40219.1
Project("{FAE04EC0-301F-11D3-BF4B-00C04F79EFBC}") = "PetrolStation", "PetrolStation\PetrolStation.csproj", "{AB1B029A-A93B-4D03-8496-8D05F980B23F}"
EndProject
Global
	GlobalSection(SolutionConfigurationPlatforms) = preSolution
		Debug|Any CPU = Debug|Any CPU
		Release|Any CPU = Release|Any CPU
	EndGlobalSection
	GlobalSection(ProjectConfigurationPlatforms) = postSolution
		{AB1B029A-A93B-4D03-8496-8D05F980B23F}.Debug|Any CPU.ActiveCfg = Debug|Any CPU
		{AB1B029A-A93B-4D03-8496-8D05F980B23F}.Debug|Any CPU.Build.0 = Debug|Any CPU
		{AB1B029A-A93B-4D03-8496-8D05F980B23F}.Release|Any CPU.ActiveCfg = Release|Any CPU
		{AB1B029A-A93B-4D03-8496-8D05F980B23F}.Release|Any CPU.Build.0 = Release|Any CPU
	EndGlobalSection
	GlobalSection(SolutionProperties) = preSolution
		HideSolutionNode = FALSE
	EndGlobalSection
	GlobalSection(ExtensibilityGlobals) = postSolution
		SolutionGuid = {3AE7DD05-191B-4B5F-85C9-EEEFBB6B516A}
	EndGlobalSection
EndGlobal
