
Microsoft Visual Studio Solution File, Format Version 12.00
# Visual Studio 15
VisualStudioVersion = 15.0.27703.2000
MinimumVisualStudioVersion = 10.0.40219.1
Project("{FAE04EC0-301F-11D3-BF4B-00C04F79EFBC}") = "RestGreetCounter", "RestGreetCounter\RestGreetCounter.csproj", "{993C226D-E5B2-48D4-94D3-CCDF1B094808}"
EndProject
Global
	GlobalSection(SolutionConfigurationPlatforms) = preSolution
		Debug|Any CPU = Debug|Any CPU
		Release|Any CPU = Release|Any CPU
	EndGlobalSection
	GlobalSection(ProjectConfigurationPlatforms) = postSolution
		{993C226D-E5B2-48D4-94D3-CCDF1B094808}.Debug|Any CPU.ActiveCfg = Debug|Any CPU
		{993C226D-E5B2-48D4-94D3-CCDF1B094808}.Debug|Any CPU.Build.0 = Debug|Any CPU
		{993C226D-E5B2-48D4-94D3-CCDF1B094808}.Release|Any CPU.ActiveCfg = Release|Any CPU
		{993C226D-E5B2-48D4-94D3-CCDF1B094808}.Release|Any CPU.Build.0 = Release|Any CPU
	EndGlobalSection
	GlobalSection(SolutionProperties) = preSolution
		HideSolutionNode = FALSE
	EndGlobalSection
	GlobalSection(ExtensibilityGlobals) = postSolution
		SolutionGuid = {FDC33F09-18EC-4998-80B8-3A4EA5FF0816}
	EndGlobalSection
EndGlobal
