
Microsoft Visual Studio Solution File, Format Version 12.00
# Visual Studio 15
VisualStudioVersion = 15.0.27703.2000
MinimumVisualStudioVersion = 10.0.40219.1
Project("{FAE04EC0-301F-11D3-BF4B-00C04F79EFBC}") = "Reservations", "Reservations\Reservations.csproj", "{AB8A9257-C3FE-4725-97EB-61AE9DA3E411}"
EndProject
Global
	GlobalSection(SolutionConfigurationPlatforms) = preSolution
		Debug|Any CPU = Debug|Any CPU
		Release|Any CPU = Release|Any CPU
	EndGlobalSection
	GlobalSection(ProjectConfigurationPlatforms) = postSolution
		{AB8A9257-C3FE-4725-97EB-61AE9DA3E411}.Debug|Any CPU.ActiveCfg = Debug|Any CPU
		{AB8A9257-C3FE-4725-97EB-61AE9DA3E411}.Debug|Any CPU.Build.0 = Debug|Any CPU
		{AB8A9257-C3FE-4725-97EB-61AE9DA3E411}.Release|Any CPU.ActiveCfg = Release|Any CPU
		{AB8A9257-C3FE-4725-97EB-61AE9DA3E411}.Release|Any CPU.Build.0 = Release|Any CPU
	EndGlobalSection
	GlobalSection(SolutionProperties) = preSolution
		HideSolutionNode = FALSE
	EndGlobalSection
	GlobalSection(ExtensibilityGlobals) = postSolution
		SolutionGuid = {9BE3141E-0C25-42E3-AD38-E27439DDF8B5}
	EndGlobalSection
EndGlobal
