
Microsoft Visual Studio Solution File, Format Version 12.00
# Visual Studio 15
VisualStudioVersion = 15.0.27703.2000
MinimumVisualStudioVersion = 10.0.40219.1
Project("{FAE04EC0-301F-11D3-BF4B-00C04F79EFBC}") = "Third", "Third\Third.csproj", "{7EDBA2C8-DC3F-449E-83BD-E018F45AD2E7}"
EndProject
Global
	GlobalSection(SolutionConfigurationPlatforms) = preSolution
		Debug|Any CPU = Debug|Any CPU
		Release|Any CPU = Release|Any CPU
	EndGlobalSection
	GlobalSection(ProjectConfigurationPlatforms) = postSolution
		{7EDBA2C8-DC3F-449E-83BD-E018F45AD2E7}.Debug|Any CPU.ActiveCfg = Debug|Any CPU
		{7EDBA2C8-DC3F-449E-83BD-E018F45AD2E7}.Debug|Any CPU.Build.0 = Debug|Any CPU
		{7EDBA2C8-DC3F-449E-83BD-E018F45AD2E7}.Release|Any CPU.ActiveCfg = Release|Any CPU
		{7EDBA2C8-DC3F-449E-83BD-E018F45AD2E7}.Release|Any CPU.Build.0 = Release|Any CPU
	EndGlobalSection
	GlobalSection(SolutionProperties) = preSolution
		HideSolutionNode = FALSE
	EndGlobalSection
	GlobalSection(ExtensibilityGlobals) = postSolution
		SolutionGuid = {DAE012FA-EF50-4359-9BD4-8E0E2AFA62C3}
	EndGlobalSection
EndGlobal
