
Microsoft Visual Studio Solution File, Format Version 12.00
# Visual Studio 15
VisualStudioVersion = 15.0.27703.2000
MinimumVisualStudioVersion = 10.0.40219.1
Project("{FAE04EC0-301F-11D3-BF4B-00C04F79EFBC}") = "ToDoApp", "ToDoApp\ToDoApp.csproj", "{F86C171A-7136-4712-BB91-042840CA261F}"
EndProject
Global
	GlobalSection(SolutionConfigurationPlatforms) = preSolution
		Debug|Any CPU = Debug|Any CPU
		Release|Any CPU = Release|Any CPU
	EndGlobalSection
	GlobalSection(ProjectConfigurationPlatforms) = postSolution
		{F86C171A-7136-4712-BB91-042840CA261F}.Debug|Any CPU.ActiveCfg = Debug|Any CPU
		{F86C171A-7136-4712-BB91-042840CA261F}.Debug|Any CPU.Build.0 = Debug|Any CPU
		{F86C171A-7136-4712-BB91-042840CA261F}.Release|Any CPU.ActiveCfg = Release|Any CPU
		{F86C171A-7136-4712-BB91-042840CA261F}.Release|Any CPU.Build.0 = Release|Any CPU
	EndGlobalSection
	GlobalSection(SolutionProperties) = preSolution
		HideSolutionNode = FALSE
	EndGlobalSection
	GlobalSection(ExtensibilityGlobals) = postSolution
		SolutionGuid = {D533DEC8-A68F-4440-8B1E-8C286F927FAE}
	EndGlobalSection
EndGlobal
