
Microsoft Visual Studio Solution File, Format Version 12.00
# Visual Studio 15
VisualStudioVersion = 15.0.27703.2000
MinimumVisualStudioVersion = 10.0.40219.1
Project("{FAE04EC0-301F-11D3-BF4B-00C04F79EFBC}") = "Exercise10", "Exercise10\Exercise10.csproj", "{BBB06FE5-60F2-4952-9751-C96356F265B5}"
EndProject
Global
	GlobalSection(SolutionConfigurationPlatforms) = preSolution
		Debug|Any CPU = Debug|Any CPU
		Release|Any CPU = Release|Any CPU
	EndGlobalSection
	GlobalSection(ProjectConfigurationPlatforms) = postSolution
		{BBB06FE5-60F2-4952-9751-C96356F265B5}.Debug|Any CPU.ActiveCfg = Debug|Any CPU
		{BBB06FE5-60F2-4952-9751-C96356F265B5}.Debug|Any CPU.Build.0 = Debug|Any CPU
		{BBB06FE5-60F2-4952-9751-C96356F265B5}.Release|Any CPU.ActiveCfg = Release|Any CPU
		{BBB06FE5-60F2-4952-9751-C96356F265B5}.Release|Any CPU.Build.0 = Release|Any CPU
	EndGlobalSection
	GlobalSection(SolutionProperties) = preSolution
		HideSolutionNode = FALSE
	EndGlobalSection
	GlobalSection(ExtensibilityGlobals) = postSolution
		SolutionGuid = {0F6F2DFF-77FD-4C37-80D8-697D272F4345}
	EndGlobalSection
EndGlobal
