
Microsoft Visual Studio Solution File, Format Version 12.00
# Visual Studio 15
VisualStudioVersion = 15.0.27703.2000
MinimumVisualStudioVersion = 10.0.40219.1
Project("{FAE04EC0-301F-11D3-BF4B-00C04F79EFBC}") = "DivideByZero", "DivideByZero\DivideByZero.csproj", "{5F9A5AA0-DEA1-477C-B13F-A98C60B95C43}"
EndProject
Global
	GlobalSection(SolutionConfigurationPlatforms) = preSolution
		Debug|Any CPU = Debug|Any CPU
		Release|Any CPU = Release|Any CPU
	EndGlobalSection
	GlobalSection(ProjectConfigurationPlatforms) = postSolution
		{5F9A5AA0-DEA1-477C-B13F-A98C60B95C43}.Debug|Any CPU.ActiveCfg = Debug|Any CPU
		{5F9A5AA0-DEA1-477C-B13F-A98C60B95C43}.Debug|Any CPU.Build.0 = Debug|Any CPU
		{5F9A5AA0-DEA1-477C-B13F-A98C60B95C43}.Release|Any CPU.ActiveCfg = Release|Any CPU
		{5F9A5AA0-DEA1-477C-B13F-A98C60B95C43}.Release|Any CPU.Build.0 = Release|Any CPU
	EndGlobalSection
	GlobalSection(SolutionProperties) = preSolution
		HideSolutionNode = FALSE
	EndGlobalSection
	GlobalSection(ExtensibilityGlobals) = postSolution
		SolutionGuid = {B7F16D17-02C5-4C08-AF5F-2B394851302C}
	EndGlobalSection
EndGlobal
