
Microsoft Visual Studio Solution File, Format Version 12.00
# Visual Studio 15
VisualStudioVersion = 15.0.27703.2000
MinimumVisualStudioVersion = 10.0.40219.1
Project("{FAE04EC0-301F-11D3-BF4B-00C04F79EFBC}") = "AppendLetter", "AppendLetter\AppendLetter.csproj", "{2899D248-2DAA-4516-9032-00EAAD4FCE62}"
EndProject
Global
	GlobalSection(SolutionConfigurationPlatforms) = preSolution
		Debug|Any CPU = Debug|Any CPU
		Release|Any CPU = Release|Any CPU
	EndGlobalSection
	GlobalSection(ProjectConfigurationPlatforms) = postSolution
		{2899D248-2DAA-4516-9032-00EAAD4FCE62}.Debug|Any CPU.ActiveCfg = Debug|Any CPU
		{2899D248-2DAA-4516-9032-00EAAD4FCE62}.Debug|Any CPU.Build.0 = Debug|Any CPU
		{2899D248-2DAA-4516-9032-00EAAD4FCE62}.Release|Any CPU.ActiveCfg = Release|Any CPU
		{2899D248-2DAA-4516-9032-00EAAD4FCE62}.Release|Any CPU.Build.0 = Release|Any CPU
	EndGlobalSection
	GlobalSection(SolutionProperties) = preSolution
		HideSolutionNode = FALSE
	EndGlobalSection
	GlobalSection(ExtensibilityGlobals) = postSolution
		SolutionGuid = {C63E0923-410D-4083-8912-5DE3D10BB3D6}
	EndGlobalSection
EndGlobal
