
Microsoft Visual Studio Solution File, Format Version 12.00
# Visual Studio 15
VisualStudioVersion = 15.0.27703.2000
MinimumVisualStudioVersion = 10.0.40219.1
Project("{FAE04EC0-301F-11D3-BF4B-00C04F79EFBC}") = "Palindrome-searcher", "Palindrome-searcher\Palindrome-searcher.csproj", "{26250CB0-1EB8-4196-A1D9-33F70131A53F}"
EndProject
Global
	GlobalSection(SolutionConfigurationPlatforms) = preSolution
		Debug|Any CPU = Debug|Any CPU
		Release|Any CPU = Release|Any CPU
	EndGlobalSection
	GlobalSection(ProjectConfigurationPlatforms) = postSolution
		{26250CB0-1EB8-4196-A1D9-33F70131A53F}.Debug|Any CPU.ActiveCfg = Debug|Any CPU
		{26250CB0-1EB8-4196-A1D9-33F70131A53F}.Debug|Any CPU.Build.0 = Debug|Any CPU
		{26250CB0-1EB8-4196-A1D9-33F70131A53F}.Release|Any CPU.ActiveCfg = Release|Any CPU
		{26250CB0-1EB8-4196-A1D9-33F70131A53F}.Release|Any CPU.Build.0 = Release|Any CPU
	EndGlobalSection
	GlobalSection(SolutionProperties) = preSolution
		HideSolutionNode = FALSE
	EndGlobalSection
	GlobalSection(ExtensibilityGlobals) = postSolution
		SolutionGuid = {54F4A5C3-3686-44E2-AF01-BBC36C9418DB}
	EndGlobalSection
EndGlobal
